
Microsoft Visual Studio Solution File, Format Version 12.00
# Visual Studio Version 16
VisualStudioVersion = 16.0.31205.134
MinimumVisualStudioVersion = 10.0.40219.1
Project("{9A19103F-16F7-4668-BE54-9A1E7A4F7556}") = "PokedexUI", "PokedexUI\PokedexUI.csproj", "{AEE6C569-98A7-4E3E-82B4-535B5652998A}"
EndProject
Project("{FAE04EC0-301F-11D3-BF4B-00C04F79EFBC}") = "Pokedex.Core", "Pokedex.Core\Pokedex.Core.csproj", "{D008044D-F284-45AB-82F9-7F269FFC9625}"
EndProject
EndProject
Global
	GlobalSection(SolutionConfigurationPlatforms) = preSolution
		Debug|Any CPU = Debug|Any CPU
		Release|Any CPU = Release|Any CPU
	EndGlobalSection
	GlobalSection(ProjectConfigurationPlatforms) = postSolution
		{AEE6C569-98A7-4E3E-82B4-535B5652998A}.Debug|Any CPU.ActiveCfg = Debug|Any CPU
		{AEE6C569-98A7-4E3E-82B4-535B5652998A}.Debug|Any CPU.Build.0 = Debug|Any CPU
		{AEE6C569-98A7-4E3E-82B4-535B5652998A}.Release|Any CPU.ActiveCfg = Release|Any CPU
		{AEE6C569-98A7-4E3E-82B4-535B5652998A}.Release|Any CPU.Build.0 = Release|Any CPU
		{D008044D-F284-45AB-82F9-7F269FFC9625}.Debug|Any CPU.ActiveCfg = Debug|Any CPU
		{D008044D-F284-45AB-82F9-7F269FFC9625}.Debug|Any CPU.Build.0 = Debug|Any CPU
		{D008044D-F284-45AB-82F9-7F269FFC9625}.Release|Any CPU.ActiveCfg = Release|Any CPU
		{D008044D-F284-45AB-82F9-7F269FFC9625}.Release|Any CPU.Build.0 = Release|Any CPU
	EndGlobalSection
	GlobalSection(SolutionProperties) = preSolution
		HideSolutionNode = FALSE
	EndGlobalSection
	GlobalSection(ExtensibilityGlobals) = postSolution
		SolutionGuid = {2CD1B822-D917-477F-BA0E-6648633341F2}
	EndGlobalSection
EndGlobal
